
Microsoft Visual Studio Solution File, Format Version 12.00
# Visual Studio Version 17
VisualStudioVersion = 17.7.34202.233
MinimumVisualStudioVersion = 10.0.40219.1
Project("{FAE04EC0-301F-11D3-BF4B-00C04F79EFBC}") = "Final Project ITEC 102", "Final Project ITEC 102.csproj", "{4D963199-7124-4D81-93D7-2F0E3E630FD1}"
EndProject
Global
	GlobalSection(SolutionConfigurationPlatforms) = preSolution
		Debug|Any CPU = Debug|Any CPU
		Release|Any CPU = Release|Any CPU
	EndGlobalSection
	GlobalSection(ProjectConfigurationPlatforms) = postSolution
		{4D963199-7124-4D81-93D7-2F0E3E630FD1}.Debug|Any CPU.ActiveCfg = Debug|Any CPU
		{4D963199-7124-4D81-93D7-2F0E3E630FD1}.Debug|Any CPU.Build.0 = Debug|Any CPU
		{4D963199-7124-4D81-93D7-2F0E3E630FD1}.Release|Any CPU.ActiveCfg = Release|Any CPU
		{4D963199-7124-4D81-93D7-2F0E3E630FD1}.Release|Any CPU.Build.0 = Release|Any CPU
	EndGlobalSection
	GlobalSection(SolutionProperties) = preSolution
		HideSolutionNode = FALSE
	EndGlobalSection
	GlobalSection(ExtensibilityGlobals) = postSolution
		SolutionGuid = {59BD5E30-C848-4FDB-97C6-0EBC7EACAC2A}
	EndGlobalSection
EndGlobal
